// !$*UTF8*$!
{
	archiveVersion = 1;
	classes = {
	};
	objectVersion = 46;
	objects = {

/* Begin PBXBuildFile section */
		1381DEF71C7302DC007B6374 /* AppDelegate.swift in Sources */ = {isa = PBXBuildFile; fileRef = 1381DEF61C7302DC007B6374 /* AppDelegate.swift */; };
		1381DEFE1C7302DC007B6374 /* Main.storyboard in Resources */ = {isa = PBXBuildFile; fileRef = 1381DEFC1C7302DC007B6374 /* Main.storyboard */; };
		1381DF031C7302DC007B6374 /* LaunchScreen.storyboard in Resources */ = {isa = PBXBuildFile; fileRef = 1381DF011C7302DC007B6374 /* LaunchScreen.storyboard */; };
		1381DF151C736DF2007B6374 /* WDCenterCell.swift in Sources */ = {isa = PBXBuildFile; fileRef = 1381DF141C736DF2007B6374 /* WDCenterCell.swift */; };
		1381DF181C737449007B6374 /* WDCenter.swift in Sources */ = {isa = PBXBuildFile; fileRef = 1381DF171C737449007B6374 /* WDCenter.swift */; };
		1389AED31C7B1C42007CA248 /* MapKit.framework in Frameworks */ = {isa = PBXBuildFile; fileRef = E373AAB11C777C4B0001C549 /* MapKit.framework */; };
		1389AED41C7B1C4D007CA248 /* Pods_WondyDemo.framework in Frameworks */ = {isa = PBXBuildFile; fileRef = 20C85858D6AB4EE7B8CD45F8 /* Pods_WondyDemo.framework */; };
		1389AED51C7B1C4D007CA248 /* Pods_WondyDemo.framework in Embed Frameworks */ = {isa = PBXBuildFile; fileRef = 20C85858D6AB4EE7B8CD45F8 /* Pods_WondyDemo.framework */; settings = {ATTRIBUTES = (CodeSignOnCopy, RemoveHeadersOnCopy, ); }; };
		E3183ABD1C749A0500AC0F4E /* WDAPI.swift in Sources */ = {isa = PBXBuildFile; fileRef = E3183ABC1C749A0500AC0F4E /* WDAPI.swift */; };
		E355D44E1C745C0200F5A929 /* WDCenterDetailVC.swift in Sources */ = {isa = PBXBuildFile; fileRef = E355D44C1C745C0200F5A929 /* WDCenterDetailVC.swift */; };
		E355D44F1C745C0200F5A929 /* WDCenterListVC.swift in Sources */ = {isa = PBXBuildFile; fileRef = E355D44D1C745C0200F5A929 /* WDCenterListVC.swift */; };
		E36B37F61C7898F1005A3C65 /* UIcolorExtension.swift in Sources */ = {isa = PBXBuildFile; fileRef = E36B37F51C7898F1005A3C65 /* UIcolorExtension.swift */; };
		E36B37FC1C78A86E005A3C65 /* UINavigationItemExtension.swift in Sources */ = {isa = PBXBuildFile; fileRef = E36B37FB1C78A86E005A3C65 /* UINavigationItemExtension.swift */; };
		E36B37FE1C78B02F005A3C65 /* WDMapVC.swift in Sources */ = {isa = PBXBuildFile; fileRef = E36B37FD1C78B02F005A3C65 /* WDMapVC.swift */; };
		E36B38001C78B3B8005A3C65 /* WDAnnotation.swift in Sources */ = {isa = PBXBuildFile; fileRef = E36B37FF1C78B3B8005A3C65 /* WDAnnotation.swift */; };
		E36B38021C78D570005A3C65 /* WDProfileVC.swift in Sources */ = {isa = PBXBuildFile; fileRef = E36B38011C78D570005A3C65 /* WDProfileVC.swift */; };
		E36B38071C78DD13005A3C65 /* UserDefaultsHelper.swift in Sources */ = {isa = PBXBuildFile; fileRef = E36B38061C78DD13005A3C65 /* UserDefaultsHelper.swift */; };
		E373AAAE1C7646A30001C549 /* Assets.xcassets in Resources */ = {isa = PBXBuildFile; fileRef = E373AAAD1C7646A30001C549 /* Assets.xcassets */; };
		E373AAB01C765CB30001C549 /* WDImageCell.swift in Sources */ = {isa = PBXBuildFile; fileRef = E373AAAF1C765CB30001C549 /* WDImageCell.swift */; };
		E373AAB41C7795DD0001C549 /* WDServicesListVC.swift in Sources */ = {isa = PBXBuildFile; fileRef = E373AAB31C7795DD0001C549 /* WDServicesListVC.swift */; };
/* End PBXBuildFile section */

/* Begin PBXCopyFilesBuildPhase section */
		1389AED61C7B1C4D007CA248 /* Embed Frameworks */ = {
			isa = PBXCopyFilesBuildPhase;
			buildActionMask = 2147483647;
			dstPath = "";
			dstSubfolderSpec = 10;
			files = (
				1389AED51C7B1C4D007CA248 /* Pods_WondyDemo.framework in Embed Frameworks */,
			);
			name = "Embed Frameworks";
			runOnlyForDeploymentPostprocessing = 0;
		};
/* End PBXCopyFilesBuildPhase section */

/* Begin PBXFileReference section */
		1381DEF31C7302DB007B6374 /* WondyDemo.app */ = {isa = PBXFileReference; explicitFileType = wrapper.application; includeInIndex = 0; path = WondyDemo.app; sourceTree = BUILT_PRODUCTS_DIR; };
		1381DEF61C7302DC007B6374 /* AppDelegate.swift */ = {isa = PBXFileReference; lastKnownFileType = sourcecode.swift; path = AppDelegate.swift; sourceTree = "<group>"; };
		1381DEFD1C7302DC007B6374 /* Base */ = {isa = PBXFileReference; lastKnownFileType = file.storyboard; name = Base; path = Base.lproj/Main.storyboard; sourceTree = "<group>"; };
		1381DF021C7302DC007B6374 /* Base */ = {isa = PBXFileReference; lastKnownFileType = file.storyboard; name = Base; path = Base.lproj/LaunchScreen.storyboard; sourceTree = "<group>"; };
		1381DF041C7302DC007B6374 /* Info.plist */ = {isa = PBXFileReference; lastKnownFileType = text.plist.xml; path = Info.plist; sourceTree = "<group>"; };
		1381DF141C736DF2007B6374 /* WDCenterCell.swift */ = {isa = PBXFileReference; fileEncoding = 4; lastKnownFileType = sourcecode.swift; name = WDCenterCell.swift; path = WondyDemo/src/ui/cells/WDCenterCell.swift; sourceTree = SOURCE_ROOT; };
		1381DF171C737449007B6374 /* WDCenter.swift */ = {isa = PBXFileReference; fileEncoding = 4; lastKnownFileType = sourcecode.swift; path = WDCenter.swift; sourceTree = "<group>"; };
		20C85858D6AB4EE7B8CD45F8 /* Pods_WondyDemo.framework */ = {isa = PBXFileReference; explicitFileType = wrapper.framework; includeInIndex = 0; path = Pods_WondyDemo.framework; sourceTree = BUILT_PRODUCTS_DIR; };
		64664AA3660B6411506368DC /* Pods-WondyDemo.release.xcconfig */ = {isa = PBXFileReference; includeInIndex = 1; lastKnownFileType = text.xcconfig; name = "Pods-WondyDemo.release.xcconfig"; path = "Pods/Target Support Files/Pods-WondyDemo/Pods-WondyDemo.release.xcconfig"; sourceTree = "<group>"; };
		B5DFC35C2A947DF3D2C86189 /* Pods-WondyDemo.debug.xcconfig */ = {isa = PBXFileReference; includeInIndex = 1; lastKnownFileType = text.xcconfig; name = "Pods-WondyDemo.debug.xcconfig"; path = "Pods/Target Support Files/Pods-WondyDemo/Pods-WondyDemo.debug.xcconfig"; sourceTree = "<group>"; };
		E3183ABC1C749A0500AC0F4E /* WDAPI.swift */ = {isa = PBXFileReference; fileEncoding = 4; lastKnownFileType = sourcecode.swift; path = WDAPI.swift; sourceTree = "<group>"; };
		E355D44C1C745C0200F5A929 /* WDCenterDetailVC.swift */ = {isa = PBXFileReference; fileEncoding = 4; lastKnownFileType = sourcecode.swift; name = WDCenterDetailVC.swift; path = WondyDemo/src/ui/vc/WDCenterDetailVC.swift; sourceTree = SOURCE_ROOT; };
		E355D44D1C745C0200F5A929 /* WDCenterListVC.swift */ = {isa = PBXFileReference; fileEncoding = 4; lastKnownFileType = sourcecode.swift; name = WDCenterListVC.swift; path = WondyDemo/src/ui/vc/WDCenterListVC.swift; sourceTree = SOURCE_ROOT; };
		E36B37F51C7898F1005A3C65 /* UIcolorExtension.swift */ = {isa = PBXFileReference; fileEncoding = 4; lastKnownFileType = sourcecode.swift; path = UIcolorExtension.swift; sourceTree = "<group>"; };
		E36B37FB1C78A86E005A3C65 /* UINavigationItemExtension.swift */ = {isa = PBXFileReference; fileEncoding = 4; lastKnownFileType = sourcecode.swift; path = UINavigationItemExtension.swift; sourceTree = "<group>"; };
		E36B37FD1C78B02F005A3C65 /* WDMapVC.swift */ = {isa = PBXFileReference; fileEncoding = 4; lastKnownFileType = sourcecode.swift; name = WDMapVC.swift; path = WondyDemo/src/ui/vc/WDMapVC.swift; sourceTree = SOURCE_ROOT; };
		E36B37FF1C78B3B8005A3C65 /* WDAnnotation.swift */ = {isa = PBXFileReference; fileEncoding = 4; lastKnownFileType = sourcecode.swift; path = WDAnnotation.swift; sourceTree = "<group>"; };
		E36B38011C78D570005A3C65 /* WDProfileVC.swift */ = {isa = PBXFileReference; fileEncoding = 4; lastKnownFileType = sourcecode.swift; name = WDProfileVC.swift; path = WondyDemo/src/ui/vc/WDProfileVC.swift; sourceTree = SOURCE_ROOT; };
		E36B38061C78DD13005A3C65 /* UserDefaultsHelper.swift */ = {isa = PBXFileReference; fileEncoding = 4; lastKnownFileType = sourcecode.swift; path = UserDefaultsHelper.swift; sourceTree = "<group>"; };
		E373AAAD1C7646A30001C549 /* Assets.xcassets */ = {isa = PBXFileReference; lastKnownFileType = folder.assetcatalog; path = Assets.xcassets; sourceTree = "<group>"; };
		E373AAAF1C765CB30001C549 /* WDImageCell.swift */ = {isa = PBXFileReference; fileEncoding = 4; lastKnownFileType = sourcecode.swift; name = WDImageCell.swift; path = WondyDemo/src/ui/cells/WDImageCell.swift; sourceTree = SOURCE_ROOT; };
		E373AAB11C777C4B0001C549 /* MapKit.framework */ = {isa = PBXFileReference; lastKnownFileType = wrapper.framework; name = MapKit.framework; path = System/Library/Frameworks/MapKit.framework; sourceTree = SDKROOT; };
		E373AAB31C7795DD0001C549 /* WDServicesListVC.swift */ = {isa = PBXFileReference; fileEncoding = 4; lastKnownFileType = sourcecode.swift; name = WDServicesListVC.swift; path = WondyDemo/src/ui/vc/WDServicesListVC.swift; sourceTree = SOURCE_ROOT; };
/* End PBXFileReference section */

/* Begin PBXFrameworksBuildPhase section */
		1381DEF01C7302DB007B6374 /* Frameworks */ = {
			isa = PBXFrameworksBuildPhase;
			buildActionMask = 2147483647;
			files = (
				1389AED41C7B1C4D007CA248 /* Pods_WondyDemo.framework in Frameworks */,
				1389AED31C7B1C42007CA248 /* MapKit.framework in Frameworks */,
			);
			runOnlyForDeploymentPostprocessing = 0;
		};
/* End PBXFrameworksBuildPhase section */

/* Begin PBXGroup section */
		1381DEEA1C7302DB007B6374 = {
			isa = PBXGroup;
			children = (
				1381DEF51C7302DC007B6374 /* WondyDemo */,
				1381DEF41C7302DB007B6374 /* Products */,
				7D7512AF71D47A2D5C2E7A3F /* Pods */,
				CADF8BE8D434CCE2520E1E05 /* Frameworks */,
			);
			sourceTree = "<group>";
		};
		1381DEF41C7302DB007B6374 /* Products */ = {
			isa = PBXGroup;
			children = (
				1381DEF31C7302DB007B6374 /* WondyDemo.app */,
			);
			name = Products;
			sourceTree = "<group>";
		};
		1381DEF51C7302DC007B6374 /* WondyDemo */ = {
			isa = PBXGroup;
			children = (
				1381DF0E1C736AF0007B6374 /* res */,
				1381DF0D1C7307D5007B6374 /* src */,
			);
			path = WondyDemo;
			sourceTree = "<group>";
		};
		1381DF0A1C730741007B6374 /* ui */ = {
			isa = PBXGroup;
			children = (
				1381DF111C736BE0007B6374 /* cells */,
				1381DF0B1C730749007B6374 /* vc */,
			);
			path = ui;
			sourceTree = "<group>";
		};
		1381DF0B1C730749007B6374 /* vc */ = {
			isa = PBXGroup;
			children = (
				E355D44C1C745C0200F5A929 /* WDCenterDetailVC.swift */,
				E355D44D1C745C0200F5A929 /* WDCenterListVC.swift */,
				E373AAB31C7795DD0001C549 /* WDServicesListVC.swift */,
				E36B37FD1C78B02F005A3C65 /* WDMapVC.swift */,
				E36B38011C78D570005A3C65 /* WDProfileVC.swift */,
			);
			path = vc;
			sourceTree = "<group>";
		};
		1381DF0C1C730758007B6374 /* main */ = {
			isa = PBXGroup;
			children = (
				1381DEF61C7302DC007B6374 /* AppDelegate.swift */,
				1381DF041C7302DC007B6374 /* Info.plist */,
			);
			path = main;
			sourceTree = "<group>";
		};
		1381DF0D1C7307D5007B6374 /* src */ = {
			isa = PBXGroup;
			children = (
				E36B38051C78DCF1005A3C65 /* utils */,
				E36B37F41C7898BC005A3C65 /* extensions */,
				E3183ABB1C7499C800AC0F4E /* network */,
				1381DF161C737423007B6374 /* model */,
				1381DF0C1C730758007B6374 /* main */,
				1381DF0A1C730741007B6374 /* ui */,
			);
			path = src;
			sourceTree = "<group>";
		};
		1381DF0E1C736AF0007B6374 /* res */ = {
			isa = PBXGroup;
			children = (
				1381DF101C736B65007B6374 /* img */,
				1381DF0F1C736AFB007B6374 /* storyboards */,
			);
			path = res;
			sourceTree = "<group>";
		};
		1381DF0F1C736AFB007B6374 /* storyboards */ = {
			isa = PBXGroup;
			children = (
				1381DEFC1C7302DC007B6374 /* Main.storyboard */,
				1381DF011C7302DC007B6374 /* LaunchScreen.storyboard */,
			);
			path = storyboards;
			sourceTree = "<group>";
		};
		1381DF101C736B65007B6374 /* img */ = {
			isa = PBXGroup;
			children = (
				E373AAAD1C7646A30001C549 /* Assets.xcassets */,
			);
			path = img;
			sourceTree = "<group>";
		};
		1381DF111C736BE0007B6374 /* cells */ = {
			isa = PBXGroup;
			children = (
				1381DF141C736DF2007B6374 /* WDCenterCell.swift */,
				E373AAAF1C765CB30001C549 /* WDImageCell.swift */,
			);
			path = cells;
			sourceTree = "<group>";
		};
		1381DF161C737423007B6374 /* model */ = {
			isa = PBXGroup;
			children = (
				1381DF171C737449007B6374 /* WDCenter.swift */,
				E36B37FF1C78B3B8005A3C65 /* WDAnnotation.swift */,
			);
			path = model;
			sourceTree = "<group>";
		};
		1389AECA1C7B1548007CA248 /* UIColor */ = {
			isa = PBXGroup;
			children = (
				E36B37F51C7898F1005A3C65 /* UIcolorExtension.swift */,
			);
			path = UIColor;
			sourceTree = "<group>";
		};
		1389AECB1C7B155D007CA248 /* UINavigationBar */ = {
			isa = PBXGroup;
			children = (
				E36B37FB1C78A86E005A3C65 /* UINavigationItemExtension.swift */,
			);
			path = UINavigationBar;
			sourceTree = "<group>";
		};
		7D7512AF71D47A2D5C2E7A3F /* Pods */ = {
			isa = PBXGroup;
			children = (
				B5DFC35C2A947DF3D2C86189 /* Pods-WondyDemo.debug.xcconfig */,
				64664AA3660B6411506368DC /* Pods-WondyDemo.release.xcconfig */,
			);
			name = Pods;
			sourceTree = "<group>";
		};
		CADF8BE8D434CCE2520E1E05 /* Frameworks */ = {
			isa = PBXGroup;
			children = (
				E373AAB11C777C4B0001C549 /* MapKit.framework */,
				20C85858D6AB4EE7B8CD45F8 /* Pods_WondyDemo.framework */,
			);
			name = Frameworks;
			sourceTree = "<group>";
		};
		E3183ABB1C7499C800AC0F4E /* network */ = {
			isa = PBXGroup;
			children = (
				E3183ABC1C749A0500AC0F4E /* WDAPI.swift */,
			);
			path = network;
			sourceTree = "<group>";
		};
		E36B37F41C7898BC005A3C65 /* extensions */ = {
			isa = PBXGroup;
			children = (
				1389AECB1C7B155D007CA248 /* UINavigationBar */,
				1389AECA1C7B1548007CA248 /* UIColor */,
			);
			path = extensions;
			sourceTree = "<group>";
		};
		E36B38051C78DCF1005A3C65 /* utils */ = {
			isa = PBXGroup;
			children = (
				E36B38061C78DD13005A3C65 /* UserDefaultsHelper.swift */,
			);
			path = utils;
			sourceTree = "<group>";
		};
/* End PBXGroup section */

/* Begin PBXNativeTarget section */
		1381DEF21C7302DB007B6374 /* WondyDemo */ = {
			isa = PBXNativeTarget;
			buildConfigurationList = 1381DF071C7302DC007B6374 /* Build configuration list for PBXNativeTarget "WondyDemo" */;
			buildPhases = (
				1A8D46A9C71ED582D388F901 /* Check Pods Manifest.lock */,
				1381DEEF1C7302DB007B6374 /* Sources */,
				1381DEF01C7302DB007B6374 /* Frameworks */,
				1381DEF11C7302DB007B6374 /* Resources */,
				A53129B919E14D965A190A5D /* Copy Pods Resources */,
				78E0A41CBF90002C77C1AF5B /* Embed Pods Frameworks */,
				1389AED61C7B1C4D007CA248 /* Embed Frameworks */,
			);
			buildRules = (
			);
			dependencies = (
			);
			name = WondyDemo;
			productName = WondyDemo;
			productReference = 1381DEF31C7302DB007B6374 /* WondyDemo.app */;
			productType = "com.apple.product-type.application";
		};
/* End PBXNativeTarget section */

/* Begin PBXProject section */
		1381DEEB1C7302DB007B6374 /* Project object */ = {
			isa = PBXProject;
			attributes = {
				LastSwiftUpdateCheck = 0720;
				LastUpgradeCheck = 0720;
				ORGANIZATIONNAME = "Rocío Tovar";
				TargetAttributes = {
					1381DEF21C7302DB007B6374 = {
						CreatedOnToolsVersion = 7.2.1;
						DevelopmentTeam = C2UZU6ZLJE;
					};
				};
			};
			buildConfigurationList = 1381DEEE1C7302DB007B6374 /* Build configuration list for PBXProject "WondyDemo" */;
			compatibilityVersion = "Xcode 3.2";
			developmentRegion = English;
			hasScannedForEncodings = 0;
			knownRegions = (
				Base,
			);
			mainGroup = 1381DEEA1C7302DB007B6374;
			productRefGroup = 1381DEF41C7302DB007B6374 /* Products */;
			projectDirPath = "";
			projectRoot = "";
			targets = (
				1381DEF21C7302DB007B6374 /* WondyDemo */,
			);
		};
/* End PBXProject section */

/* Begin PBXResourcesBuildPhase section */
		1381DEF11C7302DB007B6374 /* Resources */ = {
			isa = PBXResourcesBuildPhase;
			buildActionMask = 2147483647;
			files = (
				1381DF031C7302DC007B6374 /* LaunchScreen.storyboard in Resources */,
				E373AAAE1C7646A30001C549 /* Assets.xcassets in Resources */,
				1381DEFE1C7302DC007B6374 /* Main.storyboard in Resources */,
			);
			runOnlyForDeploymentPostprocessing = 0;
		};
/* End PBXResourcesBuildPhase section */

/* Begin PBXShellScriptBuildPhase section */
		1A8D46A9C71ED582D388F901 /* Check Pods Manifest.lock */ = {
			isa = PBXShellScriptBuildPhase;
			buildActionMask = 2147483647;
			files = (
			);
			inputPaths = (
			);
			name = "Check Pods Manifest.lock";
			outputPaths = (
			);
			runOnlyForDeploymentPostprocessing = 0;
			shellPath = /bin/sh;
			shellScript = "diff \"${PODS_ROOT}/../Podfile.lock\" \"${PODS_ROOT}/Manifest.lock\" > /dev/null\nif [[ $? != 0 ]] ; then\n    cat << EOM\nerror: The sandbox is not in sync with the Podfile.lock. Run 'pod install' or update your CocoaPods installation.\nEOM\n    exit 1\nfi\n";
			showEnvVarsInLog = 0;
		};
		78E0A41CBF90002C77C1AF5B /* Embed Pods Frameworks */ = {
			isa = PBXShellScriptBuildPhase;
			buildActionMask = 2147483647;
			files = (
			);
			inputPaths = (
			);
			name = "Embed Pods Frameworks";
			outputPaths = (
			);
			runOnlyForDeploymentPostprocessing = 0;
			shellPath = /bin/sh;
			shellScript = "\"${SRCROOT}/Pods/Target Support Files/Pods-WondyDemo/Pods-WondyDemo-frameworks.sh\"\n";
			showEnvVarsInLog = 0;
		};
		A53129B919E14D965A190A5D /* Copy Pods Resources */ = {
			isa = PBXShellScriptBuildPhase;
			buildActionMask = 2147483647;
			files = (
			);
			inputPaths = (
			);
			name = "Copy Pods Resources";
			outputPaths = (
			);
			runOnlyForDeploymentPostprocessing = 0;
			shellPath = /bin/sh;
			shellScript = "\"${SRCROOT}/Pods/Target Support Files/Pods-WondyDemo/Pods-WondyDemo-resources.sh\"\n";
			showEnvVarsInLog = 0;
		};
/* End PBXShellScriptBuildPhase section */

/* Begin PBXSourcesBuildPhase section */
		1381DEEF1C7302DB007B6374 /* Sources */ = {
			isa = PBXSourcesBuildPhase;
			buildActionMask = 2147483647;
			files = (
				E36B38071C78DD13005A3C65 /* UserDefaultsHelper.swift in Sources */,
				1381DF181C737449007B6374 /* WDCenter.swift in Sources */,
				E355D44E1C745C0200F5A929 /* WDCenterDetailVC.swift in Sources */,
				1381DF151C736DF2007B6374 /* WDCenterCell.swift in Sources */,
				E355D44F1C745C0200F5A929 /* WDCenterListVC.swift in Sources */,
				E36B37F61C7898F1005A3C65 /* UIcolorExtension.swift in Sources */,
				E373AAB01C765CB30001C549 /* WDImageCell.swift in Sources */,
				E373AAB41C7795DD0001C549 /* WDServicesListVC.swift in Sources */,
				E36B38021C78D570005A3C65 /* WDProfileVC.swift in Sources */,
				1381DEF71C7302DC007B6374 /* AppDelegate.swift in Sources */,
				E36B37FE1C78B02F005A3C65 /* WDMapVC.swift in Sources */,
				E36B37FC1C78A86E005A3C65 /* UINavigationItemExtension.swift in Sources */,
				E3183ABD1C749A0500AC0F4E /* WDAPI.swift in Sources */,
				E36B38001C78B3B8005A3C65 /* WDAnnotation.swift in Sources */,
			);
			runOnlyForDeploymentPostprocessing = 0;
		};
/* End PBXSourcesBuildPhase section */

/* Begin PBXVariantGroup section */
		1381DEFC1C7302DC007B6374 /* Main.storyboard */ = {
			isa = PBXVariantGroup;
			children = (
				1381DEFD1C7302DC007B6374 /* Base */,
			);
			name = Main.storyboard;
			sourceTree = "<group>";
		};
		1381DF011C7302DC007B6374 /* LaunchScreen.storyboard */ = {
			isa = PBXVariantGroup;
			children = (
				1381DF021C7302DC007B6374 /* Base */,
			);
			name = LaunchScreen.storyboard;
			sourceTree = "<group>";
		};
/* End PBXVariantGroup section */

/* Begin XCBuildConfiguration section */
		1381DF051C7302DC007B6374 /* Debug */ = {
			isa = XCBuildConfiguration;
			buildSettings = {
				ALWAYS_SEARCH_USER_PATHS = NO;
				CLANG_CXX_LANGUAGE_STANDARD = "gnu++0x";
				CLANG_CXX_LIBRARY = "libc++";
				CLANG_ENABLE_MODULES = YES;
				CLANG_ENABLE_OBJC_ARC = YES;
				CLANG_WARN_BOOL_CONVERSION = YES;
				CLANG_WARN_CONSTANT_CONVERSION = YES;
				CLANG_WARN_DIRECT_OBJC_ISA_USAGE = YES_ERROR;
				CLANG_WARN_EMPTY_BODY = YES;
				CLANG_WARN_ENUM_CONVERSION = YES;
				CLANG_WARN_INT_CONVERSION = YES;
				CLANG_WARN_OBJC_ROOT_CLASS = YES_ERROR;
				CLANG_WARN_UNREACHABLE_CODE = YES;
				CLANG_WARN__DUPLICATE_METHOD_MATCH = YES;
				"CODE_SIGN_IDENTITY[sdk=iphoneos*]" = "iPhone Developer";
				COPY_PHASE_STRIP = NO;
				DEBUG_INFORMATION_FORMAT = dwarf;
				ENABLE_STRICT_OBJC_MSGSEND = YES;
				ENABLE_TESTABILITY = YES;
				GCC_C_LANGUAGE_STANDARD = gnu99;
				GCC_DYNAMIC_NO_PIC = NO;
				GCC_NO_COMMON_BLOCKS = YES;
				GCC_OPTIMIZATION_LEVEL = 0;
				GCC_PREPROCESSOR_DEFINITIONS = (
					"DEBUG=1",
					"$(inherited)",
				);
				GCC_WARN_64_TO_32_BIT_CONVERSION = YES;
				GCC_WARN_ABOUT_RETURN_TYPE = YES_ERROR;
				GCC_WARN_UNDECLARED_SELECTOR = YES;
				GCC_WARN_UNINITIALIZED_AUTOS = YES_AGGRESSIVE;
				GCC_WARN_UNUSED_FUNCTION = YES;
				GCC_WARN_UNUSED_VARIABLE = YES;
				IPHONEOS_DEPLOYMENT_TARGET = 8.0;
				MTL_ENABLE_DEBUG_INFO = YES;
				ONLY_ACTIVE_ARCH = YES;
				SDKROOT = iphoneos;
				SWIFT_OPTIMIZATION_LEVEL = "-Onone";
				TARGETED_DEVICE_FAMILY = "1,2";
			};
			name = Debug;
		};
		1381DF061C7302DC007B6374 /* Release */ = {
			isa = XCBuildConfiguration;
			buildSettings = {
				ALWAYS_SEARCH_USER_PATHS = NO;
				CLANG_CXX_LANGUAGE_STANDARD = "gnu++0x";
				CLANG_CXX_LIBRARY = "libc++";
				CLANG_ENABLE_MODULES = YES;
				CLANG_ENABLE_OBJC_ARC = YES;
				CLANG_WARN_BOOL_CONVERSION = YES;
				CLANG_WARN_CONSTANT_CONVERSION = YES;
				CLANG_WARN_DIRECT_OBJC_ISA_USAGE = YES_ERROR;
				CLANG_WARN_EMPTY_BODY = YES;
				CLANG_WARN_ENUM_CONVERSION = YES;
				CLANG_WARN_INT_CONVERSION = YES;
				CLANG_WARN_OBJC_ROOT_CLASS = YES_ERROR;
				CLANG_WARN_UNREACHABLE_CODE = YES;
				CLANG_WARN__DUPLICATE_METHOD_MATCH = YES;
				"CODE_SIGN_IDENTITY[sdk=iphoneos*]" = "iPhone Developer";
				COPY_PHASE_STRIP = NO;
				DEBUG_INFORMATION_FORMAT = "dwarf-with-dsym";
				ENABLE_NS_ASSERTIONS = NO;
				ENABLE_STRICT_OBJC_MSGSEND = YES;
				GCC_C_LANGUAGE_STANDARD = gnu99;
				GCC_NO_COMMON_BLOCKS = YES;
				GCC_WARN_64_TO_32_BIT_CONVERSION = YES;
				GCC_WARN_ABOUT_RETURN_TYPE = YES_ERROR;
				GCC_WARN_UNDECLARED_SELECTOR = YES;
				GCC_WARN_UNINITIALIZED_AUTOS = YES_AGGRESSIVE;
				GCC_WARN_UNUSED_FUNCTION = YES;
				GCC_WARN_UNUSED_VARIABLE = YES;
				IPHONEOS_DEPLOYMENT_TARGET = 8.0;
				MTL_ENABLE_DEBUG_INFO = NO;
				SDKROOT = iphoneos;
				SWIFT_OPTIMIZATION_LEVEL = "-O";
				TARGETED_DEVICE_FAMILY = "1,2";
				VALIDATE_PRODUCT = YES;
			};
			name = Release;
		};
		1381DF081C7302DC007B6374 /* Debug */ = {
			isa = XCBuildConfiguration;
			baseConfigurationReference = B5DFC35C2A947DF3D2C86189 /* Pods-WondyDemo.debug.xcconfig */;
			buildSettings = {
				ASSETCATALOG_COMPILER_APPICON_NAME = AppIcon;
				CODE_SIGN_IDENTITY = "iPhone Developer: RocÃÆÃÂ­o Tovar (LTF8945TM9)";
				"CODE_SIGN_IDENTITY[sdk=iphoneos*]" = "iPhone Developer: RocÃÆÃÂ­o Tovar (LTF8945TM9)";
				INFOPLIST_FILE = WondyDemo/src/main/Info.plist;
				IPHONEOS_DEPLOYMENT_TARGET = 8.0;
				LD_RUNPATH_SEARCH_PATHS = "$(inherited) @executable_path/Frameworks";
				PRODUCT_BUNDLE_IDENTIFIER = com.tempos21.rtovar.WondyDemo;
				PRODUCT_NAME = "$(TARGET_NAME)";
				PROVISIONING_PROFILE = "";
				SWIFT_OBJC_BRIDGING_HEADER = "";
			};
			name = Debug;
		};
		1381DF091C7302DC007B6374 /* Release */ = {
			isa = XCBuildConfiguration;
			baseConfigurationReference = 64664AA3660B6411506368DC /* Pods-WondyDemo.release.xcconfig */;
			buildSettings = {
				ASSETCATALOG_COMPILER_APPICON_NAME = AppIcon;
				CODE_SIGN_IDENTITY = "iPhone Distribution: TEMPOS 21 INNOVACION EN APLICACIONES MOVILES S.A.";
				"CODE_SIGN_IDENTITY[sdk=iphoneos*]" = "iPhone Distribution: TEMPOS 21 INNOVACION EN APLICACIONES MOVILES S.A.";
				INFOPLIST_FILE = WondyDemo/src/main/Info.plist;
				IPHONEOS_DEPLOYMENT_TARGET = 8.0;
				LD_RUNPATH_SEARCH_PATHS = "$(inherited) @executable_path/Frameworks";
				PRODUCT_BUNDLE_IDENTIFIER = com.tempos21.rtovar.WondyDemo;
				PRODUCT_NAME = "$(TARGET_NAME)";
				PROVISIONING_PROFILE = "22bc5ad7-3ebc-4023-aebc-05443b99abf9";
				SWIFT_OBJC_BRIDGING_HEADER = "";
			};
			name = Release;
		};
/* End XCBuildConfiguration section */

/* Begin XCConfigurationList section */
		1381DEEE1C7302DB007B6374 /* Build configuration list for PBXProject "WondyDemo" */ = {
			isa = XCConfigurationList;
			buildConfigurations = (
				1381DF051C7302DC007B6374 /* Debug */,
				1381DF061C7302DC007B6374 /* Release */,
			);
			defaultConfigurationIsVisible = 0;
			defaultConfigurationName = Release;
		};
		1381DF071C7302DC007B6374 /* Build configuration list for PBXNativeTarget "WondyDemo" */ = {
			isa = XCConfigurationList;
			buildConfigurations = (
				1381DF081C7302DC007B6374 /* Debug */,
				1381DF091C7302DC007B6374 /* Release */,
			);
			defaultConfigurationIsVisible = 0;
			defaultConfigurationName = Release;
		};
/* End XCConfigurationList section */
	};
	rootObject = 1381DEEB1C7302DB007B6374 /* Project object */;
}
